PODS:
  - ChameleonFramework (2.1.0):
    - ChameleonFramework/Default (= 2.1.0)
  - ChameleonFramework/Default (2.1.0)
  - Classy (1.0.0)
  - DZNEmptyDataSet (1.8.1)
  - IQKeyboardManager (6.2.1)
  - MagicalRecord (2.3.2):
    - MagicalRecord/Core (= 2.3.2)
  - MagicalRecord/Core (2.3.2)
  - Masonry (1.1.0)
  - MGJRouter (0.10.0)
  - oc-string (0.0.3):
    - RegexKitLite (~> 4.0)
    - YYKit (~> 1.0.9)
  - pop (1.0.12)
  - ReactiveObjC (3.1.0)
  - RegexKitLite (4.0)
  - SDWebImage (5.0.0):
    - SDWebImage/Core (= 5.0.0)
  - SDWebImage/Core (5.0.0)
  - SVProgressHUD (2.2.5)
  - ui-base (0.1.2):
    - ChameleonFramework
    - Classy
    - IQKeyboardManager
    - Masonry
    - oc-string
    - pop
    - SDWebImage
    - SVProgressHUD (~> 2.2.5)
    - YYKit
  - XXXViper (0.1.2):
    - DZNEmptyDataSet
    - MagicalRecord
    - Masonry
    - MGJRouter
    - oc-string
    - ReactiveObjC
    - ui-base
  - YYKit (1.0.9):
    - YYKit/no-arc (= 1.0.9)
  - YYKit/no-arc (1.0.9)

DEPENDENCIES:
  - XXXViper (from `../`)

SPEC REPOS:
  https://github.com/cocoapods/specs.git:
    - ChameleonFramework
    - Classy
    - DZNEmptyDataSet
    - IQKeyboardManager
    - MagicalRecord
    - Masonry
    - MGJRouter
    - oc-string
    - pop
    - ReactiveObjC
    - RegexKitLite
    - SDWebImage
    - SVProgressHUD
    - ui-base
    - YYKit

EXTERNAL SOURCES:
  XXXViper:
    :path: "../"

SPEC CHECKSUMS:
  ChameleonFramework: d21a3cc247abfe5e37609a283a8238b03575cf64
  Classy: bbe2436d6872dfeda5eaa2a3c3d705a9c30b1709
  DZNEmptyDataSet: 9525833b9e68ac21c30253e1d3d7076cc828eaa7
  IQKeyboardManager: 964638372b4a61892cc74fdfa6fd26de8c9464a2
  MagicalRecord: 53bed74b4323b930992a725be713e53b37d19755
  Masonry: 678fab65091a9290e40e2832a55e7ab731aad201
  MGJRouter: 15d94541eb2cc81eff7d577337288feb7ae9575f
  oc-string: 79be9e8e4c80dd3e668690d3ac462e79a713489d
  pop: d582054913807fd11fd50bfe6a539d91c7e1a55a
  ReactiveObjC: 2a38ea15335de4119d8b17caf1db1484f61db902
  RegexKitLite: c0e4c12e6e7de0769f3a3ed679f0f61604170661
  SDWebImage: 5de80a0302de9e377e62f47d2fa1304efff0e55f
  SVProgressHUD: 1428aafac632c1f86f62aa4243ec12008d7a51d6
  ui-base: 0babea0480a05031ec226e20b47f9698a919b822
  XXXViper: bf1a8abe504a06f7b702a8bf1585c913fa1affa1
  YYKit: 7cda43304a8dc3696c449041e2cb3107b4e236e7

PODFILE CHECKSUM: 13cb0c15f96fb04b1b49827442bcd91bee04f2b9

COCOAPODS: 1.6.0
